
Microsoft Visual Studio Solution File, Format Version 12.00
# Visual Studio Version 17
VisualStudioVersion = 17.7.34221.43
MinimumVisualStudioVersion = 10.0.40219.1
Project("{FAE04EC0-301F-11D3-BF4B-00C04F79EFBC}") = "BookStore", "BookStore\BookStore.csproj", "{E4E4E096-CFBE-4E69-BFF4-E9D8A6BC4A1B}"
EndProject
Project("{FAE04EC0-301F-11D3-BF4B-00C04F79EFBC}") = "DAO", "DAO\DAO.csproj", "{B4EEB56B-36C6-4386-AC86-5E4692325072}"
EndProject
Project("{FAE04EC0-301F-11D3-BF4B-00C04F79EFBC}") = "DTO", "DTO\DTO.csproj", "{C2C534B7-A2CC-4E08-A428-03321352452B}"
EndProject
Project("{FAE04EC0-301F-11D3-BF4B-00C04F79EFBC}") = "BUS", "BUS\BUS.csproj", "{BABB4322-510A-487B-9592-18B531DC6430}"
EndProject
Global
	GlobalSection(SolutionConfigurationPlatforms) = preSolution
		Debug|Any CPU = Debug|Any CPU
		Release|Any CPU = Release|Any CPU
	EndGlobalSection
	GlobalSection(ProjectConfigurationPlatforms) = postSolution
		{E4E4E096-CFBE-4E69-BFF4-E9D8A6BC4A1B}.Debug|Any CPU.ActiveCfg = Debug|Any CPU
		{E4E4E096-CFBE-4E69-BFF4-E9D8A6BC4A1B}.Debug|Any CPU.Build.0 = Debug|Any CPU
		{E4E4E096-CFBE-4E69-BFF4-E9D8A6BC4A1B}.Release|Any CPU.ActiveCfg = Release|Any CPU
		{E4E4E096-CFBE-4E69-BFF4-E9D8A6BC4A1B}.Release|Any CPU.Build.0 = Release|Any CPU
		{B4EEB56B-36C6-4386-AC86-5E4692325072}.Debug|Any CPU.ActiveCfg = Debug|Any CPU
		{B4EEB56B-36C6-4386-AC86-5E4692325072}.Debug|Any CPU.Build.0 = Debug|Any CPU
		{B4EEB56B-36C6-4386-AC86-5E4692325072}.Release|Any CPU.ActiveCfg = Release|Any CPU
		{B4EEB56B-36C6-4386-AC86-5E4692325072}.Release|Any CPU.Build.0 = Release|Any CPU
		{C2C534B7-A2CC-4E08-A428-03321352452B}.Debug|Any CPU.ActiveCfg = Debug|Any CPU
		{C2C534B7-A2CC-4E08-A428-03321352452B}.Debug|Any CPU.Build.0 = Debug|Any CPU
		{C2C534B7-A2CC-4E08-A428-03321352452B}.Release|Any CPU.ActiveCfg = Release|Any CPU
		{C2C534B7-A2CC-4E08-A428-03321352452B}.Release|Any CPU.Build.0 = Release|Any CPU
		{BABB4322-510A-487B-9592-18B531DC6430}.Debug|Any CPU.ActiveCfg = Debug|Any CPU
		{BABB4322-510A-487B-9592-18B531DC6430}.Debug|Any CPU.Build.0 = Debug|Any CPU
		{BABB4322-510A-487B-9592-18B531DC6430}.Release|Any CPU.ActiveCfg = Release|Any CPU
		{BABB4322-510A-487B-9592-18B531DC6430}.Release|Any CPU.Build.0 = Release|Any CPU
	EndGlobalSection
	GlobalSection(SolutionProperties) = preSolution
		HideSolutionNode = FALSE
	EndGlobalSection
	GlobalSection(ExtensibilityGlobals) = postSolution
		SolutionGuid = {B69B5088-948B-468E-990D-841D136D3350}
	EndGlobalSection
EndGlobal
